
Microsoft Visual Studio Solution File, Format Version 12.00
# Visual Studio Version 16
VisualStudioVersion = 16.0.29326.143
MinimumVisualStudioVersion = 10.0.40219.1
Project("{9A19103F-16F7-4668-BE54-9A1E7A4F7556}") = "Blazui.Component", "src\Blazui.Component\Blazui.Component.csproj", "{8F39EB6B-8B92-4F26-9621-9E2E62C2B758}"
EndProject
Project("{2150E333-8FDC-42A3-9474-1A3956D46DE8}") = "src", "src", "{BA4616F9-78F9-4486-B264-A1FD8C0871AE}"
EndProject
Project("{2150E333-8FDC-42A3-9474-1A3956D46DE8}") = "test", "test", "{6DB71671-F11C-44B8-BAE2-1A200AE42CD2}"
EndProject
Project("{2150E333-8FDC-42A3-9474-1A3956D46DE8}") = "docs", "docs", "{E2D20D07-0EEF-477D-85F6-415974ECA79F}"
	ProjectSection(SolutionItems) = preProject
		README.md = README.md
	EndProjectSection
EndProject
Project("{2150E333-8FDC-42A3-9474-1A3956D46DE8}") = "SolutionItems", "SolutionItems", "{2A9865EB-C969-47C7-BC21-E870F75C3AC4}"
	ProjectSection(SolutionItems) = preProject
		Dockerfile = Dockerfile
	EndProjectSection
EndProject
Project("{2150E333-8FDC-42A3-9474-1A3956D46DE8}") = "samples", "samples", "{70466228-3662-45F3-8304-6EF755D5A863}"
EndProject
Project("{9A19103F-16F7-4668-BE54-9A1E7A4F7556}") = "Blazui.ServerRender", "src\Blazui.ServerRender\Blazui.ServerRender.csproj", "{924B42A9-D503-4F03-823D-73F354B76962}"
EndProject
Global
	GlobalSection(SolutionConfigurationPlatforms) = preSolution
		Debug|Any CPU = Debug|Any CPU
		Release|Any CPU = Release|Any CPU
	EndGlobalSection
	GlobalSection(ProjectConfigurationPlatforms) = postSolution
		{8F39EB6B-8B92-4F26-9621-9E2E62C2B758}.Debug|Any CPU.ActiveCfg = Debug|Any CPU
		{8F39EB6B-8B92-4F26-9621-9E2E62C2B758}.Debug|Any CPU.Build.0 = Debug|Any CPU
		{8F39EB6B-8B92-4F26-9621-9E2E62C2B758}.Release|Any CPU.ActiveCfg = Release|Any CPU
		{8F39EB6B-8B92-4F26-9621-9E2E62C2B758}.Release|Any CPU.Build.0 = Release|Any CPU
		{924B42A9-D503-4F03-823D-73F354B76962}.Debug|Any CPU.ActiveCfg = Debug|Any CPU
		{924B42A9-D503-4F03-823D-73F354B76962}.Debug|Any CPU.Build.0 = Debug|Any CPU
		{924B42A9-D503-4F03-823D-73F354B76962}.Release|Any CPU.ActiveCfg = Release|Any CPU
		{924B42A9-D503-4F03-823D-73F354B76962}.Release|Any CPU.Build.0 = Release|Any CPU
	EndGlobalSection
	GlobalSection(SolutionProperties) = preSolution
		HideSolutionNode = FALSE
	EndGlobalSection
	GlobalSection(NestedProjects) = preSolution
		{8F39EB6B-8B92-4F26-9621-9E2E62C2B758} = {BA4616F9-78F9-4486-B264-A1FD8C0871AE}
		{924B42A9-D503-4F03-823D-73F354B76962} = {70466228-3662-45F3-8304-6EF755D5A863}
	EndGlobalSection
	GlobalSection(ExtensibilityGlobals) = postSolution
		SolutionGuid = {4766835C-4DA4-4A53-97D8-CBA1E51E1082}
	EndGlobalSection
EndGlobal
