
Microsoft Visual Studio Solution File, Format Version 12.00
# Visual Studio Version 16
VisualStudioVersion = 16.0.29326.143
MinimumVisualStudioVersion = 10.0.40219.1
Project("{2150E333-8FDC-42A3-9474-1A3956D46DE8}") = "src", "src", "{BA4616F9-78F9-4486-B264-A1FD8C0871AE}"
EndProject
Project("{2150E333-8FDC-42A3-9474-1A3956D46DE8}") = "test", "test", "{6DB71671-F11C-44B8-BAE2-1A200AE42CD2}"
EndProject
Project("{2150E333-8FDC-42A3-9474-1A3956D46DE8}") = "docs", "docs", "{E2D20D07-0EEF-477D-85F6-415974ECA79F}"
EndProject
Project("{2150E333-8FDC-42A3-9474-1A3956D46DE8}") = "SolutionItems", "SolutionItems", "{2A9865EB-C969-47C7-BC21-E870F75C3AC4}"
	ProjectSection(SolutionItems) = preProject
		Dockerfile = Dockerfile
	EndProjectSection
EndProject
Project("{2150E333-8FDC-42A3-9474-1A3956D46DE8}") = "samples", "samples", "{70466228-3662-45F3-8304-6EF755D5A863}"
EndProject
Project("{2150E333-8FDC-42A3-9474-1A3956D46DE8}") = "Components", "Components", "{573B6835-A85C-4C92-95FE-4AB516CF1EE9}"
EndProject
Project("{9A19103F-16F7-4668-BE54-9A1E7A4F7556}") = "Blazui.ClientRender", "src\Samples\Blazui\Blazui.ClientRender\Blazui.ClientRender.csproj", "{065EF687-733A-4289-BA4B-C3D459F44931}"
EndProject
Project("{9A19103F-16F7-4668-BE54-9A1E7A4F7556}") = "Blazui.Component", "src\Components\Blazui.Component.csproj", "{94DF9FD2-B254-4071-A082-49CF652D0066}"
EndProject
Project("{9A19103F-16F7-4668-BE54-9A1E7A4F7556}") = "Blazui.Component.Test", "test\Blazui.Component.Test\Blazui.Component.Test.csproj", "{6A70E72D-6B16-4520-B21E-2FAC1593FBEA}"
EndProject
Project("{9A19103F-16F7-4668-BE54-9A1E7A4F7556}") = "Blazui.ServerRender", "src\Samples\Blazui\Blazui.ServerRender\Blazui.ServerRender.csproj", "{81F107DE-A118-4AB2-BB42-E432E54E859F}"
EndProject
Project("{2150E333-8FDC-42A3-9474-1A3956D46DE8}") = "BlazAdmin", "BlazAdmin", "{E36A034A-83C5-4649-90AF-CC4FA1C594E2}"
EndProject
Project("{9A19103F-16F7-4668-BE54-9A1E7A4F7556}") = "BlazAdmin", "src\BlazAdmin\BlazAdmin\BlazAdmin.csproj", "{1201735C-B459-4FC6-938B-8B3E5883F111}"
EndProject
Project("{9A19103F-16F7-4668-BE54-9A1E7A4F7556}") = "BlazAdmin.ClientRender", "src\BlazAdmin\BlazAdmin.ClientRender\BlazAdmin.ClientRender.csproj", "{7DD25B53-45AD-4418-8EB9-9B3E046383FC}"
EndProject
Project("{9A19103F-16F7-4668-BE54-9A1E7A4F7556}") = "BlazAdmin.ServerRender", "src\BlazAdmin\BlazAdmin.ServerRender\BlazAdmin.ServerRender.csproj", "{1E117FB3-851B-4A77-9317-1107E548FC56}"
EndProject
Project("{9A19103F-16F7-4668-BE54-9A1E7A4F7556}") = "Blazui.ClientRender.PWA", "src\Samples\Blazui\Blazui.ClientRender.PWA\Blazui.ClientRender.PWA.csproj", "{BC6E4E31-5037-4389-A4F9-FACE948C090F}"
EndProject
Project("{9A19103F-16F7-4668-BE54-9A1E7A4F7556}") = "Blazui.Markdown", "src\Markdown\Blazui.Markdown.csproj", "{76FD7947-A9C1-4449-B2D2-B0E59265E879}"
EndProject
Project("{FAE04EC0-301F-11D3-BF4B-00C04F79EFBC}") = "BlazorApp2", "BlazorApp2\BlazorApp2.csproj", "{ECADD30E-6AF6-47EA-95EA-F20ACAC71F00}"
EndProject
Global
	GlobalSection(SolutionConfigurationPlatforms) = preSolution
		Debug|Any CPU = Debug|Any CPU
		Release|Any CPU = Release|Any CPU
	EndGlobalSection
	GlobalSection(ProjectConfigurationPlatforms) = postSolution
		{065EF687-733A-4289-BA4B-C3D459F44931}.Debug|Any CPU.ActiveCfg = Debug|Any CPU
		{065EF687-733A-4289-BA4B-C3D459F44931}.Debug|Any CPU.Build.0 = Debug|Any CPU
		{065EF687-733A-4289-BA4B-C3D459F44931}.Release|Any CPU.ActiveCfg = Release|Any CPU
		{065EF687-733A-4289-BA4B-C3D459F44931}.Release|Any CPU.Build.0 = Release|Any CPU
		{94DF9FD2-B254-4071-A082-49CF652D0066}.Debug|Any CPU.ActiveCfg = Debug|Any CPU
		{94DF9FD2-B254-4071-A082-49CF652D0066}.Debug|Any CPU.Build.0 = Debug|Any CPU
		{94DF9FD2-B254-4071-A082-49CF652D0066}.Release|Any CPU.ActiveCfg = Release|Any CPU
		{94DF9FD2-B254-4071-A082-49CF652D0066}.Release|Any CPU.Build.0 = Release|Any CPU
		{6A70E72D-6B16-4520-B21E-2FAC1593FBEA}.Debug|Any CPU.ActiveCfg = Debug|Any CPU
		{6A70E72D-6B16-4520-B21E-2FAC1593FBEA}.Debug|Any CPU.Build.0 = Debug|Any CPU
		{6A70E72D-6B16-4520-B21E-2FAC1593FBEA}.Release|Any CPU.ActiveCfg = Release|Any CPU
		{6A70E72D-6B16-4520-B21E-2FAC1593FBEA}.Release|Any CPU.Build.0 = Release|Any CPU
		{81F107DE-A118-4AB2-BB42-E432E54E859F}.Debug|Any CPU.ActiveCfg = Debug|Any CPU
		{81F107DE-A118-4AB2-BB42-E432E54E859F}.Debug|Any CPU.Build.0 = Debug|Any CPU
		{81F107DE-A118-4AB2-BB42-E432E54E859F}.Release|Any CPU.ActiveCfg = Release|Any CPU
		{81F107DE-A118-4AB2-BB42-E432E54E859F}.Release|Any CPU.Build.0 = Release|Any CPU
		{1201735C-B459-4FC6-938B-8B3E5883F111}.Debug|Any CPU.ActiveCfg = Debug|Any CPU
		{1201735C-B459-4FC6-938B-8B3E5883F111}.Debug|Any CPU.Build.0 = Debug|Any CPU
		{1201735C-B459-4FC6-938B-8B3E5883F111}.Release|Any CPU.ActiveCfg = Release|Any CPU
		{1201735C-B459-4FC6-938B-8B3E5883F111}.Release|Any CPU.Build.0 = Release|Any CPU
		{7DD25B53-45AD-4418-8EB9-9B3E046383FC}.Debug|Any CPU.ActiveCfg = Debug|Any CPU
		{7DD25B53-45AD-4418-8EB9-9B3E046383FC}.Debug|Any CPU.Build.0 = Debug|Any CPU
		{7DD25B53-45AD-4418-8EB9-9B3E046383FC}.Release|Any CPU.ActiveCfg = Release|Any CPU
		{7DD25B53-45AD-4418-8EB9-9B3E046383FC}.Release|Any CPU.Build.0 = Release|Any CPU
		{1E117FB3-851B-4A77-9317-1107E548FC56}.Debug|Any CPU.ActiveCfg = Debug|Any CPU
		{1E117FB3-851B-4A77-9317-1107E548FC56}.Debug|Any CPU.Build.0 = Debug|Any CPU
		{1E117FB3-851B-4A77-9317-1107E548FC56}.Release|Any CPU.ActiveCfg = Release|Any CPU
		{1E117FB3-851B-4A77-9317-1107E548FC56}.Release|Any CPU.Build.0 = Release|Any CPU
		{BC6E4E31-5037-4389-A4F9-FACE948C090F}.Debug|Any CPU.ActiveCfg = Debug|Any CPU
		{BC6E4E31-5037-4389-A4F9-FACE948C090F}.Debug|Any CPU.Build.0 = Debug|Any CPU
		{BC6E4E31-5037-4389-A4F9-FACE948C090F}.Release|Any CPU.ActiveCfg = Release|Any CPU
		{BC6E4E31-5037-4389-A4F9-FACE948C090F}.Release|Any CPU.Build.0 = Release|Any CPU
		{76FD7947-A9C1-4449-B2D2-B0E59265E879}.Debug|Any CPU.ActiveCfg = Debug|Any CPU
		{76FD7947-A9C1-4449-B2D2-B0E59265E879}.Debug|Any CPU.Build.0 = Debug|Any CPU
		{76FD7947-A9C1-4449-B2D2-B0E59265E879}.Release|Any CPU.ActiveCfg = Release|Any CPU
		{76FD7947-A9C1-4449-B2D2-B0E59265E879}.Release|Any CPU.Build.0 = Release|Any CPU
		{ECADD30E-6AF6-47EA-95EA-F20ACAC71F00}.Debug|Any CPU.ActiveCfg = Debug|Any CPU
		{ECADD30E-6AF6-47EA-95EA-F20ACAC71F00}.Debug|Any CPU.Build.0 = Debug|Any CPU
		{ECADD30E-6AF6-47EA-95EA-F20ACAC71F00}.Release|Any CPU.ActiveCfg = Release|Any CPU
		{ECADD30E-6AF6-47EA-95EA-F20ACAC71F00}.Release|Any CPU.Build.0 = Release|Any CPU
	EndGlobalSection
	GlobalSection(SolutionProperties) = preSolution
		HideSolutionNode = FALSE
	EndGlobalSection
	GlobalSection(NestedProjects) = preSolution
		{573B6835-A85C-4C92-95FE-4AB516CF1EE9} = {BA4616F9-78F9-4486-B264-A1FD8C0871AE}
		{065EF687-733A-4289-BA4B-C3D459F44931} = {70466228-3662-45F3-8304-6EF755D5A863}
		{94DF9FD2-B254-4071-A082-49CF652D0066} = {573B6835-A85C-4C92-95FE-4AB516CF1EE9}
		{6A70E72D-6B16-4520-B21E-2FAC1593FBEA} = {6DB71671-F11C-44B8-BAE2-1A200AE42CD2}
		{81F107DE-A118-4AB2-BB42-E432E54E859F} = {70466228-3662-45F3-8304-6EF755D5A863}
		{E36A034A-83C5-4649-90AF-CC4FA1C594E2} = {BA4616F9-78F9-4486-B264-A1FD8C0871AE}
		{1201735C-B459-4FC6-938B-8B3E5883F111} = {E36A034A-83C5-4649-90AF-CC4FA1C594E2}
		{7DD25B53-45AD-4418-8EB9-9B3E046383FC} = {E36A034A-83C5-4649-90AF-CC4FA1C594E2}
		{1E117FB3-851B-4A77-9317-1107E548FC56} = {E36A034A-83C5-4649-90AF-CC4FA1C594E2}
		{BC6E4E31-5037-4389-A4F9-FACE948C090F} = {70466228-3662-45F3-8304-6EF755D5A863}
		{76FD7947-A9C1-4449-B2D2-B0E59265E879} = {573B6835-A85C-4C92-95FE-4AB516CF1EE9}
		{ECADD30E-6AF6-47EA-95EA-F20ACAC71F00} = {70466228-3662-45F3-8304-6EF755D5A863}
	EndGlobalSection
	GlobalSection(ExtensibilityGlobals) = postSolution
		SolutionGuid = {4766835C-4DA4-4A53-97D8-CBA1E51E1082}
	EndGlobalSection
EndGlobal
