
Microsoft Visual Studio Solution File, Format Version 12.00
# Visual Studio Version 16
VisualStudioVersion = 16.0.29326.143
MinimumVisualStudioVersion = 10.0.40219.1
Project("{2150E333-8FDC-42A3-9474-1A3956D46DE8}") = "src", "src", "{BA4616F9-78F9-4486-B264-A1FD8C0871AE}"
EndProject
Project("{2150E333-8FDC-42A3-9474-1A3956D46DE8}") = "test", "test", "{6DB71671-F11C-44B8-BAE2-1A200AE42CD2}"
EndProject
Project("{2150E333-8FDC-42A3-9474-1A3956D46DE8}") = "docs", "docs", "{E2D20D07-0EEF-477D-85F6-415974ECA79F}"
EndProject
Project("{2150E333-8FDC-42A3-9474-1A3956D46DE8}") = "SolutionItems", "SolutionItems", "{2A9865EB-C969-47C7-BC21-E870F75C3AC4}"
	ProjectSection(SolutionItems) = preProject
		docker-compose.yml = docker-compose.yml
		Jenkinsfile = Jenkinsfile
		kubernetes.yml = kubernetes.yml
		LOGO.png = LOGO.png
		README.md = README.md
	EndProjectSection
EndProject
Project("{2150E333-8FDC-42A3-9474-1A3956D46DE8}") = "samples", "samples", "{70466228-3662-45F3-8304-6EF755D5A863}"
EndProject
Project("{2150E333-8FDC-42A3-9474-1A3956D46DE8}") = "Components", "Components", "{573B6835-A85C-4C92-95FE-4AB516CF1EE9}"
EndProject
Project("{9A19103F-16F7-4668-BE54-9A1E7A4F7556}") = "Element.ClientRender", "src\Samples\Blazui\Blazui.ClientRender\Element.ClientRender.csproj", "{065EF687-733A-4289-BA4B-C3D459F44931}"
EndProject
Project("{9A19103F-16F7-4668-BE54-9A1E7A4F7556}") = "Element", "src\Components\Element.csproj", "{94DF9FD2-B254-4071-A082-49CF652D0066}"
EndProject
Project("{9A19103F-16F7-4668-BE54-9A1E7A4F7556}") = "Element.ServerRender", "src\Samples\Blazui\Blazui.ServerRender\Element.ServerRender.csproj", "{81F107DE-A118-4AB2-BB42-E432E54E859F}"
EndProject
Project("{2150E333-8FDC-42A3-9474-1A3956D46DE8}") = "Admin", "Admin", "{E36A034A-83C5-4649-90AF-CC4FA1C594E2}"
EndProject
Project("{9A19103F-16F7-4668-BE54-9A1E7A4F7556}") = "Element.ClientRender.PWA", "src\Samples\Blazui\Blazui.ClientRender.PWA\Element.ClientRender.PWA.csproj", "{BC6E4E31-5037-4389-A4F9-FACE948C090F}"
EndProject
Project("{9A19103F-16F7-4668-BE54-9A1E7A4F7556}") = "Element.Markdown", "src\Markdown\Element.Markdown.csproj", "{76FD7947-A9C1-4449-B2D2-B0E59265E879}"
EndProject
Project("{2150E333-8FDC-42A3-9474-1A3956D46DE8}") = "Components", "Components", "{32AEC62D-CC2E-4F5A-B921-548B011FCBFD}"
EndProject
Project("{2150E333-8FDC-42A3-9474-1A3956D46DE8}") = "Admin", "Admin", "{B81231A0-5776-4D5B-8ACF-9B1590E92804}"
EndProject
Project("{9A19103F-16F7-4668-BE54-9A1E7A4F7556}") = "Element.Admin.ServerRender", "src\Admin\Admin.ServerRender\Element.Admin.ServerRender.csproj", "{6AD8C624-183A-4747-8621-E45F9763DD09}"
EndProject
Project("{9A19103F-16F7-4668-BE54-9A1E7A4F7556}") = "Element.Admin.ClientRender", "src\Admin\Admin.ClientRender\Element.Admin.ClientRender.csproj", "{8DF962DB-2A47-4931-A158-89A61A44F635}"
EndProject
Project("{9A19103F-16F7-4668-BE54-9A1E7A4F7556}") = "Element.Admin.Sample.ServerRender", "src\Samples\Admin\Blazui.Admin.Sample.ServerRender\Element.Admin.Sample.ServerRender.csproj", "{EE404089-CDFB-4699-9997-8166D6B3A6DA}"
EndProject
Project("{9A19103F-16F7-4668-BE54-9A1E7A4F7556}") = "Element.Admin.Sample.ClientRender.PWA", "src\Samples\Admin\Blazui.Admin.Sample.ClientRender.PWA\Element.Admin.Sample.ClientRender.PWA.csproj", "{6BC48A0B-D72D-4ED7-8C83-B0208D535A36}"
EndProject
Project("{9A19103F-16F7-4668-BE54-9A1E7A4F7556}") = "Element.Admin", "src\Admin\Admin\Element.Admin.csproj", "{36BBE899-CF01-4ECF-B4F4-627D63531005}"
EndProject
Project("{FAE04EC0-301F-11D3-BF4B-00C04F79EFBC}") = "Element.VSExtension", "src\VSExtension\Element.VSExtension.csproj", "{7CF6A3B4-11BC-49EA-B6E2-D41ADBB3A140}"
EndProject
Project("{9A19103F-16F7-4668-BE54-9A1E7A4F7556}") = "Element.Test", "test\Element.Test\Element.Test.csproj", "{D9F69E27-BF1F-4088-AD24-5961B09F9D32}"
EndProject
Global
	GlobalSection(SolutionConfigurationPlatforms) = preSolution
		Debug|Any CPU = Debug|Any CPU
		Release|Any CPU = Release|Any CPU
	EndGlobalSection
	GlobalSection(ProjectConfigurationPlatforms) = postSolution
		{065EF687-733A-4289-BA4B-C3D459F44931}.Debug|Any CPU.ActiveCfg = Debug|Any CPU
		{065EF687-733A-4289-BA4B-C3D459F44931}.Debug|Any CPU.Build.0 = Debug|Any CPU
		{065EF687-733A-4289-BA4B-C3D459F44931}.Release|Any CPU.ActiveCfg = Release|Any CPU
		{065EF687-733A-4289-BA4B-C3D459F44931}.Release|Any CPU.Build.0 = Release|Any CPU
		{94DF9FD2-B254-4071-A082-49CF652D0066}.Debug|Any CPU.ActiveCfg = Debug|Any CPU
		{94DF9FD2-B254-4071-A082-49CF652D0066}.Debug|Any CPU.Build.0 = Debug|Any CPU
		{94DF9FD2-B254-4071-A082-49CF652D0066}.Release|Any CPU.ActiveCfg = Release|Any CPU
		{94DF9FD2-B254-4071-A082-49CF652D0066}.Release|Any CPU.Build.0 = Release|Any CPU
		{81F107DE-A118-4AB2-BB42-E432E54E859F}.Debug|Any CPU.ActiveCfg = Debug|Any CPU
		{81F107DE-A118-4AB2-BB42-E432E54E859F}.Debug|Any CPU.Build.0 = Debug|Any CPU
		{81F107DE-A118-4AB2-BB42-E432E54E859F}.Release|Any CPU.ActiveCfg = Release|Any CPU
		{81F107DE-A118-4AB2-BB42-E432E54E859F}.Release|Any CPU.Build.0 = Release|Any CPU
		{BC6E4E31-5037-4389-A4F9-FACE948C090F}.Debug|Any CPU.ActiveCfg = Debug|Any CPU
		{BC6E4E31-5037-4389-A4F9-FACE948C090F}.Debug|Any CPU.Build.0 = Debug|Any CPU
		{BC6E4E31-5037-4389-A4F9-FACE948C090F}.Release|Any CPU.ActiveCfg = Release|Any CPU
		{BC6E4E31-5037-4389-A4F9-FACE948C090F}.Release|Any CPU.Build.0 = Release|Any CPU
		{76FD7947-A9C1-4449-B2D2-B0E59265E879}.Debug|Any CPU.ActiveCfg = Debug|Any CPU
		{76FD7947-A9C1-4449-B2D2-B0E59265E879}.Debug|Any CPU.Build.0 = Debug|Any CPU
		{76FD7947-A9C1-4449-B2D2-B0E59265E879}.Release|Any CPU.ActiveCfg = Release|Any CPU
		{76FD7947-A9C1-4449-B2D2-B0E59265E879}.Release|Any CPU.Build.0 = Release|Any CPU
		{6AD8C624-183A-4747-8621-E45F9763DD09}.Debug|Any CPU.ActiveCfg = Debug|Any CPU
		{6AD8C624-183A-4747-8621-E45F9763DD09}.Debug|Any CPU.Build.0 = Debug|Any CPU
		{6AD8C624-183A-4747-8621-E45F9763DD09}.Release|Any CPU.ActiveCfg = Release|Any CPU
		{6AD8C624-183A-4747-8621-E45F9763DD09}.Release|Any CPU.Build.0 = Release|Any CPU
		{8DF962DB-2A47-4931-A158-89A61A44F635}.Debug|Any CPU.ActiveCfg = Debug|Any CPU
		{8DF962DB-2A47-4931-A158-89A61A44F635}.Debug|Any CPU.Build.0 = Debug|Any CPU
		{8DF962DB-2A47-4931-A158-89A61A44F635}.Release|Any CPU.ActiveCfg = Release|Any CPU
		{8DF962DB-2A47-4931-A158-89A61A44F635}.Release|Any CPU.Build.0 = Release|Any CPU
		{EE404089-CDFB-4699-9997-8166D6B3A6DA}.Debug|Any CPU.ActiveCfg = Debug|Any CPU
		{EE404089-CDFB-4699-9997-8166D6B3A6DA}.Debug|Any CPU.Build.0 = Debug|Any CPU
		{EE404089-CDFB-4699-9997-8166D6B3A6DA}.Release|Any CPU.ActiveCfg = Release|Any CPU
		{EE404089-CDFB-4699-9997-8166D6B3A6DA}.Release|Any CPU.Build.0 = Release|Any CPU
		{6BC48A0B-D72D-4ED7-8C83-B0208D535A36}.Debug|Any CPU.ActiveCfg = Debug|Any CPU
		{6BC48A0B-D72D-4ED7-8C83-B0208D535A36}.Debug|Any CPU.Build.0 = Debug|Any CPU
		{6BC48A0B-D72D-4ED7-8C83-B0208D535A36}.Release|Any CPU.ActiveCfg = Release|Any CPU
		{6BC48A0B-D72D-4ED7-8C83-B0208D535A36}.Release|Any CPU.Build.0 = Release|Any CPU
		{36BBE899-CF01-4ECF-B4F4-627D63531005}.Debug|Any CPU.ActiveCfg = Debug|Any CPU
		{36BBE899-CF01-4ECF-B4F4-627D63531005}.Debug|Any CPU.Build.0 = Debug|Any CPU
		{36BBE899-CF01-4ECF-B4F4-627D63531005}.Release|Any CPU.ActiveCfg = Release|Any CPU
		{36BBE899-CF01-4ECF-B4F4-627D63531005}.Release|Any CPU.Build.0 = Release|Any CPU
		{7CF6A3B4-11BC-49EA-B6E2-D41ADBB3A140}.Debug|Any CPU.ActiveCfg = Debug|Any CPU
		{7CF6A3B4-11BC-49EA-B6E2-D41ADBB3A140}.Debug|Any CPU.Build.0 = Debug|Any CPU
		{7CF6A3B4-11BC-49EA-B6E2-D41ADBB3A140}.Release|Any CPU.ActiveCfg = Release|Any CPU
		{7CF6A3B4-11BC-49EA-B6E2-D41ADBB3A140}.Release|Any CPU.Build.0 = Release|Any CPU
		{D9F69E27-BF1F-4088-AD24-5961B09F9D32}.Debug|Any CPU.ActiveCfg = Debug|Any CPU
		{D9F69E27-BF1F-4088-AD24-5961B09F9D32}.Debug|Any CPU.Build.0 = Debug|Any CPU
		{D9F69E27-BF1F-4088-AD24-5961B09F9D32}.Release|Any CPU.ActiveCfg = Release|Any CPU
		{D9F69E27-BF1F-4088-AD24-5961B09F9D32}.Release|Any CPU.Build.0 = Release|Any CPU
	EndGlobalSection
	GlobalSection(SolutionProperties) = preSolution
		HideSolutionNode = FALSE
	EndGlobalSection
	GlobalSection(NestedProjects) = preSolution
		{573B6835-A85C-4C92-95FE-4AB516CF1EE9} = {BA4616F9-78F9-4486-B264-A1FD8C0871AE}
		{065EF687-733A-4289-BA4B-C3D459F44931} = {32AEC62D-CC2E-4F5A-B921-548B011FCBFD}
		{94DF9FD2-B254-4071-A082-49CF652D0066} = {573B6835-A85C-4C92-95FE-4AB516CF1EE9}
		{81F107DE-A118-4AB2-BB42-E432E54E859F} = {32AEC62D-CC2E-4F5A-B921-548B011FCBFD}
		{E36A034A-83C5-4649-90AF-CC4FA1C594E2} = {BA4616F9-78F9-4486-B264-A1FD8C0871AE}
		{BC6E4E31-5037-4389-A4F9-FACE948C090F} = {32AEC62D-CC2E-4F5A-B921-548B011FCBFD}
		{76FD7947-A9C1-4449-B2D2-B0E59265E879} = {573B6835-A85C-4C92-95FE-4AB516CF1EE9}
		{32AEC62D-CC2E-4F5A-B921-548B011FCBFD} = {70466228-3662-45F3-8304-6EF755D5A863}
		{B81231A0-5776-4D5B-8ACF-9B1590E92804} = {70466228-3662-45F3-8304-6EF755D5A863}
		{6AD8C624-183A-4747-8621-E45F9763DD09} = {E36A034A-83C5-4649-90AF-CC4FA1C594E2}
		{8DF962DB-2A47-4931-A158-89A61A44F635} = {E36A034A-83C5-4649-90AF-CC4FA1C594E2}
		{EE404089-CDFB-4699-9997-8166D6B3A6DA} = {B81231A0-5776-4D5B-8ACF-9B1590E92804}
		{6BC48A0B-D72D-4ED7-8C83-B0208D535A36} = {B81231A0-5776-4D5B-8ACF-9B1590E92804}
		{36BBE899-CF01-4ECF-B4F4-627D63531005} = {E36A034A-83C5-4649-90AF-CC4FA1C594E2}
		{7CF6A3B4-11BC-49EA-B6E2-D41ADBB3A140} = {BA4616F9-78F9-4486-B264-A1FD8C0871AE}
		{D9F69E27-BF1F-4088-AD24-5961B09F9D32} = {6DB71671-F11C-44B8-BAE2-1A200AE42CD2}
	EndGlobalSection
	GlobalSection(ExtensibilityGlobals) = postSolution
		SolutionGuid = {4766835C-4DA4-4A53-97D8-CBA1E51E1082}
	EndGlobalSection
EndGlobal
